# Managed by azldev component update. Do not edit manually.
version = 1
import-commit = 'e6f01c53ca35f9fbad3bf45f227275550935b9d9'
upstream-commit = 'e6f01c53ca35f9fbad3bf45f227275550935b9d9'
input-fingerprint = 'sha256:3f61e6d3056f1ad1b0f7e7b6d298e46c148cfc7d8ae67abb4ebeec37696cf1e2'
resolution-input-hash = 'sha256:466421704711c4fd3c71f0b2ed715a0e61d49e3e26f3a2637fee755795849c8e'
