# Managed by azldev component update. Do not edit manually.
version = 1
import-commit = 'e8d0321c7fa193dd9ae79977d16234ebad67df31'
upstream-commit = 'e8d0321c7fa193dd9ae79977d16234ebad67df31'
input-fingerprint = 'sha256:a07da06f10027385a61a9cacfcef17f81586c9fb9c9731b220c3225c7587b267'
resolution-input-hash = 'sha256:466421704711c4fd3c71f0b2ed715a0e61d49e3e26f3a2637fee755795849c8e'
