# Managed by azldev component update. Do not edit manually.
version = 1
import-commit = '5271a1b047ef402ddee40242e02eda23fc273044'
upstream-commit = '5271a1b047ef402ddee40242e02eda23fc273044'
input-fingerprint = 'sha256:cc975a70f6be2c3dc904565d8f0561a13c38b4abe0286863e02aa77d2e3c8950'
resolution-input-hash = 'sha256:466421704711c4fd3c71f0b2ed715a0e61d49e3e26f3a2637fee755795849c8e'
